
Microsoft Visual Studio Solution File, Format Version 12.00
# Visual Studio Version 17
VisualStudioVersion = 17.2.32526.322
MinimumVisualStudioVersion = 10.0.40219.1
Project("{9A19103F-16F7-4668-BE54-9A1E7A4F7556}") = "VendingData", "VendingData\VendingData.csproj", "{36625C2F-82DA-4CBF-BE41-8A8DD06D1C55}"
EndProject
Project("{FAE04EC0-301F-11D3-BF4B-00C04F79EFBC}") = "VendingConsole", "VendingConsole\VendingConsole.csproj", "{823CA39B-93AD-4E29-968F-F9DBD9F95B85}"
EndProject
Global
	GlobalSection(SolutionConfigurationPlatforms) = preSolution
		Debug|Any CPU = Debug|Any CPU
		Release|Any CPU = Release|Any CPU
	EndGlobalSection
	GlobalSection(ProjectConfigurationPlatforms) = postSolution
		{36625C2F-82DA-4CBF-BE41-8A8DD06D1C55}.Debug|Any CPU.ActiveCfg = Debug|Any CPU
		{36625C2F-82DA-4CBF-BE41-8A8DD06D1C55}.Debug|Any CPU.Build.0 = Debug|Any CPU
		{36625C2F-82DA-4CBF-BE41-8A8DD06D1C55}.Release|Any CPU.ActiveCfg = Release|Any CPU
		{36625C2F-82DA-4CBF-BE41-8A8DD06D1C55}.Release|Any CPU.Build.0 = Release|Any CPU
		{823CA39B-93AD-4E29-968F-F9DBD9F95B85}.Debug|Any CPU.ActiveCfg = Debug|Any CPU
		{823CA39B-93AD-4E29-968F-F9DBD9F95B85}.Debug|Any CPU.Build.0 = Debug|Any CPU
		{823CA39B-93AD-4E29-968F-F9DBD9F95B85}.Release|Any CPU.ActiveCfg = Release|Any CPU
		{823CA39B-93AD-4E29-968F-F9DBD9F95B85}.Release|Any CPU.Build.0 = Release|Any CPU
	EndGlobalSection
	GlobalSection(SolutionProperties) = preSolution
		HideSolutionNode = FALSE
	EndGlobalSection
	GlobalSection(ExtensibilityGlobals) = postSolution
		SolutionGuid = {4A5C4D8D-D2EC-4C06-9AD2-A73D65307215}
	EndGlobalSection
EndGlobal
